
Microsoft Visual Studio Solution File, Format Version 12.00
# Visual Studio Version 17
VisualStudioVersion = 17.9.34622.214
MinimumVisualStudioVersion = 10.0.40219.1
Project("{9A19103F-16F7-4668-BE54-9A1E7A4F7556}") = "Mocker.Weaver", "Mocker.Weaver\Mocker.Weaver.csproj", "{FDC7355A-68C9-4A15-8D0A-6F883193D7CA}"
EndProject
Project("{9A19103F-16F7-4668-BE54-9A1E7A4F7556}") = "Mocker.API", "Mocker.API\Mocker.API.csproj", "{BC78D3E0-1E47-4373-801D-6B7AF50ECC4F}"
EndProject
Project("{9A19103F-16F7-4668-BE54-9A1E7A4F7556}") = "MockerExecuting", "MockerExecuting\MockerExecuting.csproj", "{D1326252-C882-46D5-B0F9-96F85DD9FEF9}"
EndProject
Project("{9A19103F-16F7-4668-BE54-9A1E7A4F7556}") = "Mocked", "Mocked\Mocked.csproj", "{F2798A40-600F-4F1F-A288-5116EB9FFCA1}"
EndProject
Project("{9A19103F-16F7-4668-BE54-9A1E7A4F7556}") = "Mocker.Moq", "Mocker.Moq\Mocker.Moq.csproj", "{D7D7C627-DD3C-410E-B3FA-D2112F24A504}"
EndProject
Project("{9A19103F-16F7-4668-BE54-9A1E7A4F7556}") = "Mocker.Moq.Tests", "Mocker.Moq.Tests\Mocker.Moq.Tests.csproj", "{49200EDB-455F-49B5-A7CA-C474F464B548}"
EndProject
Global
	GlobalSection(SolutionConfigurationPlatforms) = preSolution
		Debug|Any CPU = Debug|Any CPU
		Release|Any CPU = Release|Any CPU
	EndGlobalSection
	GlobalSection(ProjectConfigurationPlatforms) = postSolution
		{FDC7355A-68C9-4A15-8D0A-6F883193D7CA}.Debug|Any CPU.ActiveCfg = Debug|Any CPU
		{FDC7355A-68C9-4A15-8D0A-6F883193D7CA}.Debug|Any CPU.Build.0 = Debug|Any CPU
		{FDC7355A-68C9-4A15-8D0A-6F883193D7CA}.Release|Any CPU.ActiveCfg = Release|Any CPU
		{FDC7355A-68C9-4A15-8D0A-6F883193D7CA}.Release|Any CPU.Build.0 = Release|Any CPU
		{BC78D3E0-1E47-4373-801D-6B7AF50ECC4F}.Debug|Any CPU.ActiveCfg = Debug|Any CPU
		{BC78D3E0-1E47-4373-801D-6B7AF50ECC4F}.Debug|Any CPU.Build.0 = Debug|Any CPU
		{BC78D3E0-1E47-4373-801D-6B7AF50ECC4F}.Release|Any CPU.ActiveCfg = Release|Any CPU
		{BC78D3E0-1E47-4373-801D-6B7AF50ECC4F}.Release|Any CPU.Build.0 = Release|Any CPU
		{D1326252-C882-46D5-B0F9-96F85DD9FEF9}.Debug|Any CPU.ActiveCfg = Debug|Any CPU
		{D1326252-C882-46D5-B0F9-96F85DD9FEF9}.Debug|Any CPU.Build.0 = Debug|Any CPU
		{D1326252-C882-46D5-B0F9-96F85DD9FEF9}.Release|Any CPU.ActiveCfg = Release|Any CPU
		{D1326252-C882-46D5-B0F9-96F85DD9FEF9}.Release|Any CPU.Build.0 = Release|Any CPU
		{F2798A40-600F-4F1F-A288-5116EB9FFCA1}.Debug|Any CPU.ActiveCfg = Debug|Any CPU
		{F2798A40-600F-4F1F-A288-5116EB9FFCA1}.Debug|Any CPU.Build.0 = Debug|Any CPU
		{F2798A40-600F-4F1F-A288-5116EB9FFCA1}.Release|Any CPU.ActiveCfg = Release|Any CPU
		{F2798A40-600F-4F1F-A288-5116EB9FFCA1}.Release|Any CPU.Build.0 = Release|Any CPU
		{D7D7C627-DD3C-410E-B3FA-D2112F24A504}.Debug|Any CPU.ActiveCfg = Debug|Any CPU
		{D7D7C627-DD3C-410E-B3FA-D2112F24A504}.Debug|Any CPU.Build.0 = Debug|Any CPU
		{D7D7C627-DD3C-410E-B3FA-D2112F24A504}.Release|Any CPU.ActiveCfg = Release|Any CPU
		{D7D7C627-DD3C-410E-B3FA-D2112F24A504}.Release|Any CPU.Build.0 = Release|Any CPU
		{49200EDB-455F-49B5-A7CA-C474F464B548}.Debug|Any CPU.ActiveCfg = Debug|Any CPU
		{49200EDB-455F-49B5-A7CA-C474F464B548}.Debug|Any CPU.Build.0 = Debug|Any CPU
		{49200EDB-455F-49B5-A7CA-C474F464B548}.Release|Any CPU.ActiveCfg = Release|Any CPU
		{49200EDB-455F-49B5-A7CA-C474F464B548}.Release|Any CPU.Build.0 = Release|Any CPU
	EndGlobalSection
	GlobalSection(SolutionProperties) = preSolution
		HideSolutionNode = FALSE
	EndGlobalSection
	GlobalSection(ExtensibilityGlobals) = postSolution
		SolutionGuid = {3F603733-ED12-41BC-AD08-0E2111EFA629}
	EndGlobalSection
EndGlobal
