
Microsoft Visual Studio Solution File, Format Version 12.00
# Visual Studio Version 17
VisualStudioVersion = 17.9.34622.214
MinimumVisualStudioVersion = 10.0.40219.1
Project("{9A19103F-16F7-4668-BE54-9A1E7A4F7556}") = "Mocked", "Mocked\Mocked.csproj", "{F2798A40-600F-4F1F-A288-5116EB9FFCA1}"
EndProject
Project("{9A19103F-16F7-4668-BE54-9A1E7A4F7556}") = "Myna.TheFatChicken.Tests", "Myna.TheFatChicken.Tests\Myna.TheFatChicken.Tests.csproj", "{49200EDB-455F-49B5-A7CA-C474F464B548}"
EndProject
Global
	GlobalSection(SolutionConfigurationPlatforms) = preSolution
		Debug|Any CPU = Debug|Any CPU
		Release|Any CPU = Release|Any CPU
	EndGlobalSection
	GlobalSection(ProjectConfigurationPlatforms) = postSolution
		{F2798A40-600F-4F1F-A288-5116EB9FFCA1}.Debug|Any CPU.ActiveCfg = Debug|Any CPU
		{F2798A40-600F-4F1F-A288-5116EB9FFCA1}.Debug|Any CPU.Build.0 = Debug|Any CPU
		{F2798A40-600F-4F1F-A288-5116EB9FFCA1}.Release|Any CPU.ActiveCfg = Release|Any CPU
		{F2798A40-600F-4F1F-A288-5116EB9FFCA1}.Release|Any CPU.Build.0 = Release|Any CPU
		{49200EDB-455F-49B5-A7CA-C474F464B548}.Debug|Any CPU.ActiveCfg = Debug|Any CPU
		{49200EDB-455F-49B5-A7CA-C474F464B548}.Debug|Any CPU.Build.0 = Debug|Any CPU
		{49200EDB-455F-49B5-A7CA-C474F464B548}.Release|Any CPU.ActiveCfg = Release|Any CPU
		{49200EDB-455F-49B5-A7CA-C474F464B548}.Release|Any CPU.Build.0 = Release|Any CPU
	EndGlobalSection
	GlobalSection(SolutionProperties) = preSolution
		HideSolutionNode = FALSE
	EndGlobalSection
	GlobalSection(ExtensibilityGlobals) = postSolution
		SolutionGuid = {3F603733-ED12-41BC-AD08-0E2111EFA629}
	EndGlobalSection
EndGlobal
